
Microsoft Visual Studio Solution File, Format Version 12.00
# Visual Studio 2012
Project("{FAE04EC0-301F-11D3-BF4B-00C04F79EFBC}") = "hwid_login_system", "hwid_login_system\hwid_login_system.csproj", "{24219700-3807-4AB3-9E1E-FD4B71B953B9}"
EndProject
Project("{FAE04EC0-301F-11D3-BF4B-00C04F79EFBC}") = "hwid_system_admin", "hwid_system_admin\hwid_system_admin.csproj", "{4811CC85-5243-4635-8595-799051E42191}"
EndProject
Global
	GlobalSection(SolutionConfigurationPlatforms) = preSolution
		Debug|Any CPU = Debug|Any CPU
		Release|Any CPU = Release|Any CPU
	EndGlobalSection
	GlobalSection(ProjectConfigurationPlatforms) = postSolution
		{24219700-3807-4AB3-9E1E-FD4B71B953B9}.Debug|Any CPU.ActiveCfg = Debug|Any CPU
		{24219700-3807-4AB3-9E1E-FD4B71B953B9}.Debug|Any CPU.Build.0 = Debug|Any CPU
		{24219700-3807-4AB3-9E1E-FD4B71B953B9}.Release|Any CPU.ActiveCfg = Release|Any CPU
		{24219700-3807-4AB3-9E1E-FD4B71B953B9}.Release|Any CPU.Build.0 = Release|Any CPU
		{4811CC85-5243-4635-8595-799051E42191}.Debug|Any CPU.ActiveCfg = Debug|Any CPU
		{4811CC85-5243-4635-8595-799051E42191}.Debug|Any CPU.Build.0 = Debug|Any CPU
		{4811CC85-5243-4635-8595-799051E42191}.Release|Any CPU.ActiveCfg = Release|Any CPU
		{4811CC85-5243-4635-8595-799051E42191}.Release|Any CPU.Build.0 = Release|Any CPU
	EndGlobalSection
	GlobalSection(SolutionProperties) = preSolution
		HideSolutionNode = FALSE
	EndGlobalSection
EndGlobal
